# Generated by conda-lock.
# platform: linux-64
# input_hash: 7776d5ed47dc768c3cc2d2e2f54394a0f5d2002a10b43a8515463624b94a496a
@EXPLICIT
https://conda.anaconda.org/conda-forge/linux-64/_libgcc_mutex-0.1-conda_forge.tar.bz2#d7c89558ba9fa0495403155b64376d81
https://conda.anaconda.org/conda-forge/linux-64/ca-certificates-2023.5.7-hbcca054_0.conda#f5c65075fc34438d5b456c7f3f5ab695
https://conda.anaconda.org/conda-forge/linux-64/ld_impl_linux-64-2.40-h41732ed_0.conda#7aca3059a1729aa76c597603f10b0dd3
https://conda.anaconda.org/conda-forge/linux-64/libgfortran5-13.1.0-h15d22d2_0.conda#afb656a334c409dd9805508af1c89c7a
https://conda.anaconda.org/conda-forge/linux-64/libstdcxx-ng-13.1.0-hfd8a6a1_0.conda#067bcc23164642f4c226da631f2a2e1d
https://conda.anaconda.org/conda-forge/noarch/pybind11-abi-4-hd8ed1ab_3.tar.bz2#878f923dd6acc8aeb47a75da6c4098be
https://conda.anaconda.org/conda-forge/linux-64/python_abi-3.10-3_cp310.conda#4eb33d14d794b0f4be116443ffed3853
https://conda.anaconda.org/pytorch/noarch/pytorch-mutex-1.0-cpu.tar.bz2#49565ed726991fd28d08a39885caa88d
https://conda.anaconda.org/conda-forge/noarch/tzdata-2023c-h71feb2d_0.conda#939e3e74d8be4dac89ce83b20de2492a
https://conda.anaconda.org/conda-forge/linux-64/libgfortran-ng-13.1.0-h69a702a_0.conda#506dc07710dd5b0ba63cbf134897fc10
https://conda.anaconda.org/conda-forge/linux-64/_openmp_mutex-4.5-2_kmp_llvm.tar.bz2#562b26ba2e19059551a811e72ab7f793
https://conda.anaconda.org/conda-forge/linux-64/libgcc-ng-13.1.0-he5830b7_0.conda#cd93f779ff018dd85c7544c015c9db3c
https://conda.anaconda.org/conda-forge/linux-64/aws-c-common-0.8.23-hd590300_0.conda#cc4f06f7eedb1523f3b83fd0fb3942ff
https://conda.anaconda.org/conda-forge/linux-64/bzip2-1.0.8-h7f98852_4.tar.bz2#a1fd65c7ccbf10880423d82bca54eb54
https://conda.anaconda.org/conda-forge/linux-64/c-ares-1.19.1-hd590300_0.conda#e8c18d865be43e2fb3f7a145b6adf1f5
https://conda.anaconda.org/conda-forge/linux-64/fmt-9.1.0-h924138e_0.tar.bz2#b57864c85261a0fbc7132d2cc17478c7
https://conda.anaconda.org/conda-forge/linux-64/gettext-0.21.1-h27087fc_0.tar.bz2#14947d8770185e5153fdd04d4673ed37
https://conda.anaconda.org/conda-forge/linux-64/gflags-2.2.2-he1b5a44_1004.tar.bz2#cddaf2c63ea4a5901cf09524c490ecdc
https://conda.anaconda.org/conda-forge/linux-64/gmp-6.2.1-h58526e2_0.tar.bz2#b94cf2db16066b242ebd26db2facbd56
https://conda.anaconda.org/conda-forge/linux-64/icu-72.1-hcb278e6_0.conda#7c8d20d847bb45f56bd941578fcfa146
https://conda.anaconda.org/conda-forge/linux-64/keyutils-1.6.1-h166bdaf_0.tar.bz2#30186d27e2c9fa62b45fb1476b7200e3
https://conda.anaconda.org/conda-forge/linux-64/lerc-4.0.0-h27087fc_0.tar.bz2#76bbff344f0134279f225174e9064c8f
https://conda.anaconda.org/conda-forge/linux-64/libabseil-20230125.3-cxx17_h59595ed_0.conda#d1db1b8be7c3a8983dcbbbfe4f0765de
https://conda.anaconda.org/conda-forge/linux-64/libbrotlicommon-1.0.9-h166bdaf_9.conda#61641e239f96eae2b8492dc7e755828c
https://conda.anaconda.org/conda-forge/linux-64/libcrc32c-1.1.2-h9c3ff4c_0.tar.bz2#c965a5aa0d5c1c37ffc62dff36e28400
https://conda.anaconda.org/conda-forge/linux-64/libdeflate-1.18-h0b41bf4_0.conda#6aa9c9de5542ecb07fdda9ca626252d8
https://conda.anaconda.org/conda-forge/linux-64/libev-4.33-h516909a_1.tar.bz2#6f8720dff19e17ce5d48cfe7f3d2f0a3
https://conda.anaconda.org/conda-forge/linux-64/libexpat-2.5.0-hcb278e6_1.conda#6305a3dd2752c76335295da4e581f2fd
https://conda.anaconda.org/conda-forge/linux-64/libffi-3.4.2-h7f98852_5.tar.bz2#d645c6d2ac96843a2bfaccd2d62b3ac3
https://conda.anaconda.org/conda-forge/linux-64/libiconv-1.17-h166bdaf_0.tar.bz2#b62b52da46c39ee2bc3c162ac7f1804d
https://conda.anaconda.org/conda-forge/linux-64/libjpeg-turbo-2.1.5.1-h0b41bf4_0.conda#1edd9e67bdb90d78cea97733ff6b54e6
https://conda.anaconda.org/conda-forge/linux-64/libnsl-2.0.0-h7f98852_0.tar.bz2#39b1328babf85c7c3a61636d9cd50206
https://conda.anaconda.org/conda-forge/linux-64/libnuma-2.0.16-h0b41bf4_1.conda#28bfe2cb11357ccc5be21101a6b7ce86
https://conda.anaconda.org/conda-forge/linux-64/libutf8proc-2.8.0-h166bdaf_0.tar.bz2#ede4266dc02e875fe1ea77b25dd43747
https://conda.anaconda.org/conda-forge/linux-64/libuuid-2.38.1-h0b41bf4_0.conda#40b61aab5c7ba9ff276c41cfffe6b80b
https://conda.anaconda.org/conda-forge/linux-64/libwebp-base-1.3.1-hd590300_0.conda#82bf6f63eb15ef719b556b63feec3a77
https://conda.anaconda.org/conda-forge/linux-64/libzlib-1.2.13-hd590300_5.conda#f36c115f1ee199da648e0597ec2047ad
https://conda.anaconda.org/conda-forge/linux-64/lz4-c-1.9.4-hcb278e6_0.conda#318b08df404f9c9be5712aaa5a6f0bb0
https://conda.anaconda.org/conda-forge/linux-64/lzo-2.10-h516909a_1000.tar.bz2#bb14fcb13341b81d5eb386423b9d2bac
https://conda.anaconda.org/conda-forge/linux-64/ncurses-6.4-hcb278e6_0.conda#681105bccc2a3f7f1a837d47d39c9179
https://conda.anaconda.org/conda-forge/linux-64/openssl-3.1.1-hd590300_1.conda#2e1d7b458ac8f1e3ca4e18b77add6277
https://conda.anaconda.org/conda-forge/linux-64/pthread-stubs-0.4-h36c2ea0_1001.tar.bz2#22dad4df6e8630e8dff2428f6f6a7036
https://conda.anaconda.org/conda-forge/linux-64/rdma-core-28.9-h59595ed_1.conda#aeffb7c06b5f65e55e6c637408dc4100
https://conda.anaconda.org/conda-forge/linux-64/re2-2023.03.02-h8c504da_0.conda#206f8fa808748f6e90599c3368a1114e
https://conda.anaconda.org/conda-forge/linux-64/reproc-14.2.4-h0b41bf4_0.conda#0f51393e019df1f0047ef864cd9ddeec
https://conda.anaconda.org/conda-forge/linux-64/snappy-1.1.10-h9fff704_0.conda#e6d228cd0bb74a51dd18f5bfce0b4115
https://conda.anaconda.org/conda-forge/linux-64/xorg-libxau-1.0.11-hd590300_0.conda#2c80dc38fface310c9bd81b17037fee5
https://conda.anaconda.org/conda-forge/linux-64/xorg-libxdmcp-1.1.3-h7f98852_0.tar.bz2#be93aabceefa2fac576e971aef407908
https://conda.anaconda.org/conda-forge/linux-64/xz-5.2.6-h166bdaf_0.tar.bz2#2161070d867d1b1204ea749c8eec4ef0
https://conda.anaconda.org/conda-forge/linux-64/yaml-0.2.5-h7f98852_2.tar.bz2#4cb3ad778ec2d5a7acbdf254eb1c42ae
https://conda.anaconda.org/conda-forge/linux-64/yaml-cpp-0.7.0-h27087fc_2.tar.bz2#0449d47d8457feaa3720d4779616dde2
https://conda.anaconda.org/conda-forge/linux-64/aws-c-cal-0.6.0-h93469e0_0.conda#580a52a05f5be28ce00764149017c6d4
https://conda.anaconda.org/conda-forge/linux-64/aws-c-compression-0.2.17-h862ab75_1.conda#0013fcee7acb3cfc801c5929824feb3c
https://conda.anaconda.org/conda-forge/linux-64/aws-c-sdkutils-0.1.11-h862ab75_1.conda#6fbc9bd49434eb36d3a59c5020f4af95
https://conda.anaconda.org/conda-forge/linux-64/aws-checksums-0.1.16-h862ab75_1.conda#f883d61afbc95c50f7b3f62546da4235
https://conda.anaconda.org/conda-forge/linux-64/expat-2.5.0-hcb278e6_1.conda#8b9b5aca60558d02ddaa09d599e55920
https://conda.anaconda.org/conda-forge/linux-64/glog-0.6.0-h6f12383_0.tar.bz2#b31f3565cb84435407594e548a2fb7b2
https://conda.anaconda.org/conda-forge/linux-64/libbrotlidec-1.0.9-h166bdaf_9.conda#081aa22f4581c08e4372b0b6c2f8478e
https://conda.anaconda.org/conda-forge/linux-64/libbrotlienc-1.0.9-h166bdaf_9.conda#1f0a03af852a9659ed2bf08f2f1704fd
https://conda.anaconda.org/conda-forge/linux-64/libedit-3.1.20191231-he28a2e2_2.tar.bz2#4d331e44109e3f0e19b4cb8f9b82f3e1
https://conda.anaconda.org/conda-forge/linux-64/libevent-2.1.12-hf998b51_1.conda#a1cfcc585f0c42bf8d5546bb1dfb668d
https://conda.anaconda.org/conda-forge/linux-64/libnghttp2-1.52.0-h61bc06f_0.conda#613955a50485812985c059e7b269f42e
https://conda.anaconda.org/conda-forge/linux-64/libpng-1.6.39-h753d276_0.conda#e1c890aebdebbfbf87e2c917187b4416
https://conda.anaconda.org/conda-forge/linux-64/libprotobuf-4.23.3-hd1fb520_0.conda#c8da7f04073ed0fabcb60885a4c1a722
https://conda.anaconda.org/conda-forge/linux-64/libsolv-0.7.24-hfc55251_1.conda#9d2787f2fdcf65661e2416b2dffdb668
https://conda.anaconda.org/conda-forge/linux-64/libsqlite-3.42.0-h2797004_0.conda#fdaae20a1cf7cd62130a0973190a31b7
https://conda.anaconda.org/conda-forge/linux-64/libssh2-1.11.0-h0841786_0.conda#1f5a58e686b13bcfde88b93f547d23fe
https://conda.anaconda.org/conda-forge/linux-64/libxcb-1.15-h0b41bf4_0.conda#33277193f5b92bad9fdd230eb700929c
https://conda.anaconda.org/conda-forge/linux-64/libxml2-2.11.4-h0d562d8_0.conda#e46fad17d5fb57316b956f88dca765e4
https://conda.anaconda.org/conda-forge/linux-64/mpfr-4.2.0-hb012696_0.conda#14d87bdff2cbd3b1179a29fb316ed743
https://conda.anaconda.org/conda-forge/linux-64/pcre2-10.40-hc3806b6_0.tar.bz2#69e2c796349cd9b273890bee0febfe1b
https://conda.anaconda.org/conda-forge/linux-64/readline-8.2-h8228510_1.conda#47d31b792659ce70f470b5c82fdfb7a4
https://conda.anaconda.org/conda-forge/linux-64/reproc-cpp-14.2.4-hcb278e6_0.conda#ede8e0f849f2fee2f78cb488b4ea3b33
https://conda.anaconda.org/conda-forge/linux-64/s2n-1.3.46-h06160fa_0.conda#413d96a0b655c8f8aacc36473a2dbb04
https://conda.anaconda.org/conda-forge/linux-64/tk-8.6.12-h27826a3_0.tar.bz2#5b8c42eb62e9fc961af70bdd6a26e168
https://conda.anaconda.org/conda-forge/linux-64/ucx-1.14.1-hf587318_2.conda#37b27851c8d5a9a98e61ecd36aa990a7
https://conda.anaconda.org/conda-forge/linux-64/zstd-1.5.2-hfc55251_7.conda#32ae18eb2a687912fc9e92a501c0a11b
https://conda.anaconda.org/conda-forge/linux-64/aws-c-io-0.13.28-h3870b5a_0.conda#b775667301ab249f94ad2bea91fc4223
https://conda.anaconda.org/conda-forge/linux-64/brotli-bin-1.0.9-h166bdaf_9.conda#d47dee1856d9cb955b8076eeff304a5b
https://conda.anaconda.org/conda-forge/linux-64/freetype-2.12.1-hca18f0e_1.conda#e1232042de76d24539a436d37597eb06
https://conda.anaconda.org/conda-forge/linux-64/krb5-1.21.1-h659d440_0.conda#1b5126ec25763eb17ef74c8763d26e84
https://conda.anaconda.org/conda-forge/linux-64/libarchive-3.6.2-h039dbb9_1.conda#29cf970521d30d113f3425b84cb250f6
https://conda.anaconda.org/conda-forge/linux-64/libglib-2.76.4-hebfc3b9_0.conda#c6f951789c888f7bbd2dd6858eab69de
https://conda.anaconda.org/conda-forge/linux-64/libgrpc-1.56.2-h3905398_0.conda#a87e780f3d9cc7cf432e47ced83a67ce
https://conda.anaconda.org/conda-forge/linux-64/libhwloc-2.9.1-nocuda_h7313eea_6.conda#cd72a08ef4e84dea4c67edde33eb3191
https://conda.anaconda.org/conda-forge/linux-64/libthrift-0.18.1-h8fd135c_2.conda#bbf65f7688512872f063810623b755dc
https://conda.anaconda.org/conda-forge/linux-64/libtiff-4.5.1-h8b53f26_0.conda#8ad377fb60abab446a9f02c62b3c2190
https://conda.anaconda.org/conda-forge/linux-64/llvm-openmp-16.0.6-h4dfa4b3_0.conda#b096c85c415519259e731d8fb719a3ef
https://conda.anaconda.org/conda-forge/linux-64/mpc-1.3.1-hfe3b2da_0.conda#289c71e83dc0daa7d4c81f04180778ca
https://conda.anaconda.org/conda-forge/linux-64/orc-1.9.0-h385abfd_1.conda#2cd5aac7ef1b4c6ac51bf521251a89b3
https://conda.anaconda.org/conda-forge/linux-64/python-3.10.12-hd12c33a_0_cpython.conda#eb6f1df105f37daedd6dca78523baa75
https://conda.anaconda.org/conda-forge/noarch/appdirs-1.4.4-pyh9f0ad1d_0.tar.bz2#5f095bc6454094e96f146491fd03633b
https://conda.anaconda.org/conda-forge/noarch/attrs-23.1.0-pyh71513ae_1.conda#3edfead7cedd1ab4400a6c588f3e75f8
https://conda.anaconda.org/conda-forge/linux-64/aws-c-event-stream-0.3.1-h9599702_1.conda#a8820ce2dbe6f7d54f6540d9a3a0028a
https://conda.anaconda.org/conda-forge/linux-64/aws-c-http-0.7.11-hbe98c3e_0.conda#067641478d8f706b80a5a434a22b82be
https://conda.anaconda.org/conda-forge/noarch/boltons-23.0.0-pyhd8ed1ab_0.conda#033eb25fffd222aceeca6d58cd953680
https://conda.anaconda.org/conda-forge/linux-64/brotli-1.0.9-h166bdaf_9.conda#4601544b4982ba1861fa9b9c607b2c06
https://conda.anaconda.org/conda-forge/noarch/certifi-2023.5.7-pyhd8ed1ab_0.conda#5d1b71c942b8421285934dad1d891ebc
https://conda.anaconda.org/conda-forge/noarch/charset-normalizer-3.2.0-pyhd8ed1ab_0.conda#313516e9a4b08b12dfb1e1cd390a96e3
https://conda.anaconda.org/conda-forge/noarch/click-8.1.5-unix_pyh707e725_0.conda#4f63f3e01a26e7058eabfa5f984cd6f3
https://conda.anaconda.org/conda-forge/noarch/colorama-0.4.6-pyhd8ed1ab_0.tar.bz2#3faab06a954c2a04039983f2c4a50d99
https://conda.anaconda.org/conda-forge/noarch/crashtest-0.4.1-pyhd8ed1ab_0.tar.bz2#709a2295dd907bb34afb57d54320642f
https://conda.anaconda.org/conda-forge/noarch/cycler-0.11.0-pyhd8ed1ab_0.tar.bz2#a50559fad0affdbb33729a68669ca1cb
https://conda.anaconda.org/conda-forge/linux-64/dbus-1.13.6-h5008d03_3.tar.bz2#ecfff944ba3960ecb334b9a2663d708d
https://conda.anaconda.org/conda-forge/noarch/distlib-0.3.7-pyhd8ed1ab_0.conda#12d8aae6994f342618443a8f05c652a0
https://conda.anaconda.org/conda-forge/noarch/et_xmlfile-1.1.0-pyhd8ed1ab_0.conda#a2f2138597905eaa72e561d8efb42cf3
https://conda.anaconda.org/conda-forge/noarch/filelock-3.12.2-pyhd8ed1ab_0.conda#53522ec72e6adae42bd373ef58357230
https://conda.anaconda.org/conda-forge/linux-64/frozenlist-1.4.0-py310h2372a71_0.conda#e239a69f354349af1117e336dd124067
https://conda.anaconda.org/conda-forge/linux-64/gmpy2-2.1.2-py310h3ec546c_1.tar.bz2#73f6fa50c32ddd985cf5fba7b890a75c
https://conda.anaconda.org/conda-forge/noarch/idna-3.4-pyhd8ed1ab_0.tar.bz2#34272b248891bddccc64479f9a7fffed
https://conda.anaconda.org/conda-forge/noarch/jeepney-0.8.0-pyhd8ed1ab_0.tar.bz2#9800ad1699b42612478755a2d26c722d
https://conda.anaconda.org/conda-forge/noarch/jsonpointer-2.0-py_0.tar.bz2#07d85c22a3beb102a48cd123df84c2a6
https://conda.anaconda.org/conda-forge/linux-64/kiwisolver-1.4.4-py310hbf28c38_1.tar.bz2#ad5647e517ba68e2868ef2e6e6ff7723
https://conda.anaconda.org/conda-forge/linux-64/lcms2-2.15-haa2dc70_1.conda#980d8aca0bc23ca73fa8caa3e7c84c28
https://conda.anaconda.org/conda-forge/linux-64/libcurl-8.1.2-hca28451_1.conda#b3bcefde107f8ac4f114574df0e1972e
https://conda.anaconda.org/conda-forge/noarch/lockfile-0.12.2-py_1.tar.bz2#c104d98e09c47519950cffb8dd5b4f10
https://conda.anaconda.org/conda-forge/linux-64/markupsafe-2.1.3-py310h2372a71_0.conda#5597d9f9778af6883ae64f0e7d39416c
https://conda.anaconda.org/conda-forge/noarch/more-itertools-9.1.0-pyhd8ed1ab_0.conda#1698a717f83cfecf644a877c174c84bd
https://conda.anaconda.org/conda-forge/noarch/mpmath-1.3.0-pyhd8ed1ab_0.conda#dbf6e2d89137da32fa6670f3bffc024e
https://conda.anaconda.org/conda-forge/linux-64/msgpack-python-1.0.5-py310hdf3cbec_0.conda#5311a49aaea44b73935c84a6d9a68e5f
https://conda.anaconda.org/conda-forge/linux-64/multidict-6.0.4-py310h1fa729e_0.conda#b33287be963a70f8fb4b143b4561ba62
https://conda.anaconda.org/conda-forge/noarch/munkres-1.1.4-pyh9f0ad1d_0.tar.bz2#2ba8498c1018c1e9c61eb99b973dfe19
https://conda.anaconda.org/conda-forge/noarch/networkx-3.1-pyhd8ed1ab_0.conda#254f787d5068bc89f578bf63893ce8b4
https://conda.anaconda.org/conda-forge/linux-64/openjpeg-2.5.0-hfec8fc6_2.conda#5ce6a42505c6e9e6151c54c3ec8d68ea
https://conda.anaconda.org/conda-forge/noarch/packaging-23.1-pyhd8ed1ab_0.conda#91cda59e66e1e4afe9476f8ef98f5c30
https://conda.anaconda.org/conda-forge/noarch/pathtools-0.1.2-py_1.tar.bz2#7c9b5632c61951216374dbaa34659301
https://conda.anaconda.org/conda-forge/noarch/pkginfo-1.9.6-pyhd8ed1ab_0.conda#be1e9f1c65a1ed0f2ae9352fec99db64
https://conda.anaconda.org/conda-forge/noarch/pkgutil-resolve-name-1.3.10-pyhd8ed1ab_0.tar.bz2#89e3c7cdde7d3aaa2aee933b604dd07f
https://conda.anaconda.org/conda-forge/noarch/pluggy-1.2.0-pyhd8ed1ab_0.conda#7263924c642d22e311d9e59b839f1b33
https://conda.anaconda.org/conda-forge/linux-64/psutil-5.9.5-py310h1fa729e_0.conda#b0f0a014fc04012c05f39df15fe270ce
https://conda.anaconda.org/conda-forge/noarch/ptyprocess-0.7.0-pyhd3deb0d_0.tar.bz2#359eeb6536da0e687af562ed265ec263
https://conda.anaconda.org/conda-forge/linux-64/pycosat-0.6.4-py310h5764c6d_1.tar.bz2#0e565d732f6660374b45d76761c09b06
https://conda.anaconda.org/conda-forge/noarch/pycparser-2.21-pyhd8ed1ab_0.tar.bz2#076becd9e05608f8dc72757d5f3a91ff
https://conda.anaconda.org/conda-forge/noarch/pyjwt-2.7.0-pyhd8ed1ab_0.conda#99e28be5a278e2319834d7dc99e7bfdd
https://conda.anaconda.org/conda-forge/noarch/pyparsing-3.0.9-pyhd8ed1ab_0.tar.bz2#e8fbc1b54b25f4b08281467bc13b70cc
https://conda.anaconda.org/conda-forge/noarch/pysocks-1.7.1-pyha2e5f31_6.tar.bz2#2a7de29fb590ca14b5243c4c812c8025
https://conda.anaconda.org/conda-forge/noarch/python-installer-0.7.0-pyhd8ed1ab_0.conda#65dea78f903d686c8b0c2feaf0e15e1f
https://conda.anaconda.org/conda-forge/noarch/python-tzdata-2023.3-pyhd8ed1ab_0.conda#2590495f608a63625e165915fb4e2e34
https://conda.anaconda.org/conda-forge/noarch/pytz-2023.3-pyhd8ed1ab_0.conda#d3076b483092a435832603243567bc31
https://conda.anaconda.org/conda-forge/linux-64/pyyaml-6.0-py310h5764c6d_5.tar.bz2#9e68d2ff6d98737c855b65f48dd3c597
https://conda.anaconda.org/conda-forge/linux-64/rpds-py-0.8.11-py310hcb5633a_0.conda#f3de788aea17603c729639c58a4044d1
https://conda.anaconda.org/conda-forge/linux-64/ruamel.yaml.clib-0.2.7-py310h1fa729e_1.conda#2f9b517412af46255cef5e53a22c264e
https://conda.anaconda.org/conda-forge/linux-64/setproctitle-1.3.2-py310h5764c6d_1.tar.bz2#6e620355f64b5efdd1e5d0b79cbb6479
https://conda.anaconda.org/conda-forge/noarch/setuptools-68.0.0-pyhd8ed1ab_0.conda#5a7739d0f57ee64133c9d32e6507c46d
https://conda.anaconda.org/conda-forge/noarch/shellingham-1.5.1-pyhd8ed1ab_0.conda#1de44299f48f522caa2e0074231614e1
https://conda.anaconda.org/conda-forge/noarch/six-1.16.0-pyh6c4a22f_0.tar.bz2#e5f25f8dbc060e9a8d912e432202afc2
https://conda.anaconda.org/conda-forge/noarch/smmap-3.0.5-pyh44b312d_0.tar.bz2#3a8dc70789709aa315325d5df06fb7e4
https://conda.anaconda.org/conda-forge/noarch/tabulate-0.9.0-pyhd8ed1ab_1.tar.bz2#4759805cce2d914c38472f70bf4d8bcb
https://conda.anaconda.org/conda-forge/linux-64/tbb-2021.9.0-hf52228f_0.conda#f495e42d3d2020b025705625edf35490
https://conda.anaconda.org/conda-forge/noarch/tenacity-8.2.2-pyhd8ed1ab_0.conda#7b39e842b52966a99e229739cd4dc36e
https://conda.anaconda.org/conda-forge/noarch/threadpoolctl-3.2.0-pyha21a80b_0.conda#978d03388b62173b8e6f79162cf52b86
https://conda.anaconda.org/conda-forge/noarch/tomli-2.0.1-pyhd8ed1ab_0.tar.bz2#5844808ffab9ebdb694585b50ba02a96
https://conda.anaconda.org/conda-forge/noarch/tomlkit-0.11.8-pyha770c72_0.conda#75838e8556166263a82038b51d01d5f1
https://conda.anaconda.org/conda-forge/noarch/toolz-0.12.0-pyhd8ed1ab_0.tar.bz2#92facfec94bc02d6ccf42e7173831a36
https://conda.anaconda.org/conda-forge/noarch/trove-classifiers-2023.7.6-pyhd8ed1ab_0.conda#c9918f6a3973e28a792e747289734cd3
https://conda.anaconda.org/conda-forge/noarch/types-pytz-2023.3.0.0-pyhd8ed1ab_0.conda#2010a97e7298197221abc6295790ff62
https://conda.anaconda.org/conda-forge/noarch/typing-3.10.0.0-pyhd8ed1ab_0.tar.bz2#e6573ac68718f17b9d4f5c8eda3190f2
https://conda.anaconda.org/conda-forge/noarch/typing_extensions-4.7.1-pyha770c72_0.conda#c39d6a09fe819de4951c2642629d9115
https://conda.anaconda.org/conda-forge/linux-64/unicodedata2-15.0.0-py310h5764c6d_0.tar.bz2#e972c5a1f472561cf4a91962cb01f4b4
https://conda.anaconda.org/conda-forge/noarch/webencodings-0.5.1-py_1.tar.bz2#3563be4c5611a44210d9ba0c16113136
https://conda.anaconda.org/conda-forge/noarch/wheel-0.40.0-pyhd8ed1ab_1.conda#c95fac682453aeffa12db7ae5a721bec
https://conda.anaconda.org/conda-forge/noarch/zipp-3.16.2-pyhd8ed1ab_0.conda#2da0451b54c4563c32490cb1b7cf68a1
https://conda.anaconda.org/conda-forge/noarch/aiosignal-1.3.1-pyhd8ed1ab_0.tar.bz2#d1e1eb7e21a9e2c74279d87dafb68156
https://conda.anaconda.org/conda-forge/linux-64/aws-c-auth-0.7.0-hf8751d9_2.conda#deb12196f0c64c441bb3d083d06d0cf8
https://conda.anaconda.org/conda-forge/linux-64/aws-c-mqtt-0.8.14-h2e270ba_2.conda#58bbee5fd6cf2d4fffbead1bc33a5d3b
https://conda.anaconda.org/conda-forge/noarch/backports.cached-property-1.0.2-pyhd8ed1ab_0.tar.bz2#0e1df3978dd516e20ef88c86d51e5432
https://conda.anaconda.org/conda-forge/linux-64/cffi-1.15.1-py310h255011f_3.conda#800596144bb613cd7ac58b80900ce835
https://conda.anaconda.org/conda-forge/noarch/docker-pycreds-0.4.0-py_0.tar.bz2#c69f19038efee4eb534623610d0c2053
https://conda.anaconda.org/conda-forge/linux-64/fonttools-4.41.0-py310h2372a71_0.conda#606aea800172f81896b21cabc5575206
https://conda.anaconda.org/conda-forge/noarch/gitdb-4.0.10-pyhd8ed1ab_0.conda#3706d2f3d7cb5dae600c833345a76132
https://conda.anaconda.org/conda-forge/noarch/html5lib-1.1-pyh9f0ad1d_0.tar.bz2#b2355343d6315c892543200231d7154a
https://conda.anaconda.org/conda-forge/noarch/importlib-metadata-6.8.0-pyha770c72_0.conda#4e9f59a060c3be52bc4ddc46ee9b6946
https://conda.anaconda.org/conda-forge/noarch/importlib_resources-6.0.0-pyhd8ed1ab_1.conda#a08b6be5bf18b9d2a927d3457750f82e
https://conda.anaconda.org/conda-forge/noarch/isodate-0.6.1-pyhd8ed1ab_0.tar.bz2#4a62c93c1b5c0b920508ae3fd285eaf5
https://conda.anaconda.org/conda-forge/noarch/jaraco.classes-3.3.0-pyhd8ed1ab_0.conda#e9f79248d30e942f7c358ff21a1790f5
https://conda.anaconda.org/conda-forge/noarch/jinja2-3.1.2-pyhd8ed1ab_1.tar.bz2#c8490ed5c70966d232fdd389d0dbed37
https://conda.anaconda.org/conda-forge/noarch/joblib-1.3.0-pyhd8ed1ab_1.conda#fb4caf6da228ccc487350eade569abae
https://conda.anaconda.org/conda-forge/noarch/jsonpatch-1.32-pyhd8ed1ab_0.tar.bz2#09150b51b0528a31a0f6500b96fdde82
https://conda.anaconda.org/conda-forge/linux-64/libgoogle-cloud-2.12.0-h840a212_1.conda#03c225a73835f5aa68c13e62eb360406
https://conda.anaconda.org/conda-forge/linux-64/libmamba-1.4.9-h658169a_0.conda#903a241189a2fd9d7e6a33ee2505a49c
https://conda.anaconda.org/conda-forge/linux-64/mkl-2022.2.1-h84fe81f_16997.conda#a7ce56d5757f5b57e7daabe703ade5bb
https://conda.anaconda.org/conda-forge/linux-64/openpyxl-3.1.2-py310h2372a71_0.conda#5a55a6c75a1babd9d230909fe373d859
https://conda.anaconda.org/conda-forge/noarch/pexpect-4.8.0-pyh1a96a4e_2.tar.bz2#330448ce4403cc74990ac07c555942a1
https://conda.anaconda.org/conda-forge/linux-64/pillow-10.0.0-py310h582fbeb_0.conda#adcc7ea52e4d39d0a93f6a2ef36c7fd4
https://conda.anaconda.org/conda-forge/noarch/pip-23.2-pyhd8ed1ab_0.conda#fb90dfe13ce16c0a3374e3d34e3291c5
https://conda.anaconda.org/conda-forge/noarch/plotly-5.15.0-pyhd8ed1ab_0.conda#48573e7cca7860509648522a3b8507d7
https://conda.anaconda.org/conda-forge/linux-64/protobuf-4.23.3-py310hb875b13_0.conda#27ce7010f8821add3b955ec88f663bb6
https://conda.anaconda.org/conda-forge/noarch/pyproject_hooks-1.0.0-pyhd8ed1ab_0.conda#21de50391d584eb7f4441b9de1ad773f
https://conda.anaconda.org/conda-forge/noarch/python-dateutil-2.8.2-pyhd8ed1ab_0.tar.bz2#dd999d1cc9f79e67dbb855c8924c7984
https://conda.anaconda.org/conda-forge/noarch/python-dotenv-1.0.0-pyhd8ed1ab_0.conda#a94065a7cbac6b5630fb7e4801366b40
https://conda.anaconda.org/conda-forge/noarch/referencing-0.29.1-pyhd8ed1ab_0.conda#ec2794be57ba0a88e8e0277d51d58361
https://conda.anaconda.org/conda-forge/linux-64/ruamel.yaml-0.17.32-py310h2372a71_0.conda#9a03abf74d5069bda767c1bce7a41e0b
https://conda.anaconda.org/conda-forge/noarch/sympy-1.12-pypyh9d50eac_103.conda#2f7d6347d7acf6edf1ac7f2189f44c8f
https://conda.anaconda.org/conda-forge/noarch/tqdm-4.65.0-pyhd8ed1ab_1.conda#ed792aff3acb977d09c7013358097f83
https://conda.anaconda.org/conda-forge/noarch/typing-extensions-4.7.1-hd8ed1ab_0.conda#f96688577f1faa58096d06a45136afa2
https://conda.anaconda.org/conda-forge/linux-64/yarl-1.9.2-py310h2372a71_0.conda#73deaf595eb21f3e76a02ba1ae2edee6
https://conda.anaconda.org/conda-forge/noarch/async-timeout-4.0.2-pyhd8ed1ab_0.tar.bz2#25e79f9a1133556671becbd65a170c78
https://conda.anaconda.org/conda-forge/linux-64/aws-c-s3-0.3.13-heb0bb06_2.conda#c0866da05d5e7bb3a3f6b68bcbf7537b
https://conda.anaconda.org/conda-forge/linux-64/blas-1.0-mkl.tar.bz2#349aef876b1d8c9dccae01de20d5b385
https://conda.anaconda.org/conda-forge/linux-64/brotlipy-0.7.0-py310h5764c6d_1005.tar.bz2#87669c3468dff637bbd0363bc0f895cf
https://conda.anaconda.org/conda-forge/linux-64/cryptography-41.0.2-py310h75e40e8_0.conda#3e80a669e7a1890ebb91370f2e818129
https://conda.anaconda.org/conda-forge/noarch/gitpython-3.1.32-pyhd8ed1ab_0.conda#5809a12901d57388444c3293c975d0bb
https://conda.anaconda.org/conda-forge/noarch/importlib_metadata-6.8.0-hd8ed1ab_0.conda#b279b07ce18058034e5b3606ba103a8b
https://conda.anaconda.org/conda-forge/noarch/jsonschema-specifications-2023.6.1-pyhd8ed1ab_0.conda#f1c5c9ad5e7885a4c99d516fa4c791b4
https://conda.anaconda.org/conda-forge/linux-64/libblas-3.9.0-16_linux64_mkl.tar.bz2#85f61af03fd291dae33150ffe89dc09a
https://conda.anaconda.org/conda-forge/linux-64/libmambapy-1.4.9-py310h8aae740_0.conda#e1ee6c9526c78641e9cd8e81801f2867
https://conda.anaconda.org/conda-forge/noarch/platformdirs-3.9.1-pyhd8ed1ab_0.conda#044e7a1e0ad42c4e67110bd078150a63
https://conda.anaconda.org/conda-forge/noarch/poetry-core-1.6.1-pyhd8ed1ab_0.conda#a6d1f61527c27fcc0165a6701a46b9f4
https://conda.anaconda.org/conda-forge/noarch/python-build-0.10.0-pyhd8ed1ab_1.conda#0ab47ce574f6a8bcb9f2076436e7fedb
https://conda.anaconda.org/conda-forge/linux-64/zstandard-0.19.0-py310h1275a96_2.conda#a2b48edcd52593cdf007158ce10e1520
https://conda.anaconda.org/conda-forge/linux-64/aiohttp-3.8.4-py310h2372a71_1.conda#05d01d95b7838f86796b18a80fd42584
https://conda.anaconda.org/conda-forge/linux-64/aws-crt-cpp-0.20.3-he9c0e7f_4.conda#7695770e1d722ce9029a2ea30c060a3d
https://conda.anaconda.org/conda-forge/noarch/conda-package-streaming-0.8.0-pyhd8ed1ab_0.conda#ebe3230a4c1e135954eee4fb6ef8cded
https://conda.anaconda.org/conda-forge/noarch/jsonschema-4.18.3-pyhd8ed1ab_0.conda#66f117feaf02e29f1b71c500cc0848cb
https://conda.anaconda.org/conda-forge/linux-64/libcblas-3.9.0-16_linux64_mkl.tar.bz2#361bf757b95488de76c4f123805742d3
https://conda.anaconda.org/conda-forge/linux-64/liblapack-3.9.0-16_linux64_mkl.tar.bz2#a2f166748917d6d6e4707841ca1f519e
https://conda.anaconda.org/conda-forge/noarch/poetry-plugin-export-1.4.0-pyhd8ed1ab_0.conda#00893c7ea4f9f7620706e0aa94c01b6e
https://conda.anaconda.org/conda-forge/noarch/pyopenssl-23.2.0-pyhd8ed1ab_1.conda#34f7d568bf59d18e3fef8c405cbece21
https://conda.anaconda.org/pytorch/linux-64/pytorch-2.0.1-py3.10_cpu_0.tar.bz2#56b6ef7b441704a6086ba3c3c348a296
https://conda.anaconda.org/conda-forge/linux-64/secretstorage-3.3.3-py310hff52083_1.tar.bz2#e135d0e3bbb226e8d53d31b4e4f6d93c
https://conda.anaconda.org/conda-forge/noarch/virtualenv-20.24.0-pyhd8ed1ab_0.conda#1b4a286252e336bef9ef8fa589eefdd1
https://conda.anaconda.org/conda-forge/linux-64/aws-sdk-cpp-1.10.57-hbc2ea52_17.conda#452c7b08c21eea2ef01f4fd364d6affc
https://conda.anaconda.org/conda-forge/noarch/conda-package-handling-2.0.2-pyh38be061_0.conda#44800e9bd13143292097c65e57323038
https://conda.anaconda.org/conda-forge/linux-64/keyring-23.13.1-py310hff52083_0.conda#85da2982e8456156e2f38e6a3f75cd89
https://conda.anaconda.org/conda-forge/linux-64/numpy-1.25.1-py310ha4c1d20_0.conda#3810cbf2635cb1d0edb97715d4ad74e7
https://conda.anaconda.org/conda-forge/noarch/urllib3-1.26.0-pyhd8ed1ab_0.tar.bz2#4c919cc44553f4ea94bf4e92636ffcff
https://conda.anaconda.org/conda-forge/linux-64/contourpy-1.1.0-py310hd41b1e2_0.conda#684399f9ddc0b9d6f3b6164f6107098e
https://conda.anaconda.org/conda-forge/linux-64/dulwich-0.21.5-py310h2372a71_0.conda#58ee4d1dd828531bb6d69fd6bd304882
https://conda.anaconda.org/conda-forge/linux-64/libarrow-12.0.1-h657c46f_5_cpu.conda#34918a92fb942394a7e4274a6a78990d
https://conda.anaconda.org/conda-forge/linux-64/pandas-2.0.3-py310h7cbd5c2_1.conda#11e0099d4571b4974c04386e4ce679ed
https://conda.anaconda.org/conda-forge/noarch/pandas-stubs-2.0.2.230605-pyhd8ed1ab_2.conda#cdfe08caaad498563f28d1772ac22d1d
https://conda.anaconda.org/conda-forge/linux-64/rapidfuzz-2.15.1-py310heca2aa9_0.conda#542887fb70fae388f9df109866469ca1
https://conda.anaconda.org/conda-forge/noarch/requests-2.31.0-pyhd8ed1ab_0.conda#a30144e4156cdbb236f99ebb49828f8b
https://conda.anaconda.org/conda-forge/noarch/sentry-sdk-1.28.1-pyhd8ed1ab_0.conda#815b493fa01a835b938cf65f822608d4
https://conda.anaconda.org/conda-forge/noarch/azure-core-1.28.0-pyhd8ed1ab_0.conda#3f61696f5c09ca1e7001d042c9968c1d
https://conda.anaconda.org/conda-forge/noarch/cachecontrol-0.12.14-pyhd8ed1ab_0.conda#db23395890ef31be3c2320fb41b665b0
https://conda.anaconda.org/conda-forge/noarch/cleo-2.0.1-pyhd8ed1ab_0.conda#f1c5f2af6676cbe9206e191d1e70f661
https://conda.anaconda.org/conda-forge/linux-64/conda-23.5.2-py310hff52083_0.conda#e37827d6f03ef81b4ecf40cbb15fc718
https://conda.anaconda.org/conda-forge/linux-64/matplotlib-base-3.7.2-py310hf38f957_0.conda#9b55c9041c5a7f80f184a2cb05ec9663
https://conda.anaconda.org/conda-forge/noarch/msal-1.22.0-pyhd8ed1ab_0.conda#24c290ee3278fd9a33b00cd1f8d1db0f
https://conda.anaconda.org/conda-forge/noarch/pooch-1.7.0-pyha770c72_3.conda#5936894aade8240c867d292aa0d980c6
https://conda.anaconda.org/conda-forge/linux-64/pyarrow-12.0.1-py310h0576679_5_cpu.conda#8288332085f590184b9813fee65aca59
https://conda.anaconda.org/conda-forge/noarch/requests-toolbelt-1.0.0-pyhd8ed1ab_0.conda#99c98318c8646b08cc764f90ce98906e
https://conda.anaconda.org/conda-forge/noarch/wandb-0.15.5-pyhd8ed1ab_0.conda#fdda0154b32235296ac9e054f117a17f
https://conda.anaconda.org/conda-forge/noarch/azure-data-tables-12.4.2-pyhd8ed1ab_0.conda#a3213334a6fcb9eb68cfe509f9d2bcae
https://conda.anaconda.org/conda-forge/noarch/azure-storage-blob-12.17.0-pyhd8ed1ab_0.conda#59495ef27986eb3c8e4b8aa1f7fd507a
https://conda.anaconda.org/conda-forge/noarch/cachecontrol-with-filecache-0.12.14-pyhd8ed1ab_0.conda#43ed0c094b39bb352382db8105ab0b94
https://conda.anaconda.org/conda-forge/linux-64/mamba-1.4.9-py310h51d5547_0.conda#b8fd8a60d64cab3269d2d084a415aea4
https://conda.anaconda.org/conda-forge/linux-64/scipy-1.11.1-py310ha4c1d20_0.conda#300d3b434872eb84965864f0fcc5b5da
https://conda.anaconda.org/conda-forge/noarch/poetry-1.5.1-linux_pyhd8ed1ab_0.conda#7aae42823198731808dd8e7a9745547f
https://conda.anaconda.org/conda-forge/linux-64/scikit-learn-1.3.0-py310hf7d194e_0.conda#3edb31043e22392f5174daca1c2514e9
https://conda.anaconda.org/conda-forge/noarch/openai-0.27.8-pyhd8ed1ab_0.conda#17dc1759462e9d22f3ea7369fe2d4c10
# pip backoff @ https://files.pythonhosted.org/packages/df/73/b6e24bd22e6720ca8ee9a85a0c4a2971af8497d8f3193fa05390cbd46e09/backoff-2.2.1-py3-none-any.whl#sha256=63579f9a0628e06278f7e47b7d7d5b6ce20dc65c5e96a6f3ca99a6adca0396e8
# pip chardet @ https://files.pythonhosted.org/packages/74/8f/8fc49109009e8d2169d94d72e6b1f4cd45c13d147ba7d6170fb41f22b08f/chardet-5.1.0-py3-none-any.whl#sha256=362777fb014af596ad31334fde1e8c327dfdb076e1960d1694662d46a6917ab9
# pip duckdb @ https://files.pythonhosted.org/packages/0c/a3/4e52ef89606292b26864bcc3be3e36e1345ba4bb8a6df5b2fa36dfc01fd7/duckdb-0.8.1-cp310-cp310-manylinux_2_17_x86_64.manylinux2014_x86_64.whl#sha256=297226c0dadaa07f7c5ae7cbdb9adba9567db7b16693dbd1b406b739ce0d7924
# pip exceptiongroup @ https://files.pythonhosted.org/packages/fe/17/f43b7c9ccf399d72038042ee72785c305f6c6fdc6231942f8ab99d995742/exceptiongroup-1.1.2-py3-none-any.whl#sha256=e346e69d186172ca7cf029c8c1d16235aa0e04035e5750b4b95039e65204328f
# pip filetype @ https://files.pythonhosted.org/packages/18/79/1b8fa1bb3568781e84c9200f951c735f3f157429f44be0495da55894d620/filetype-1.2.0-py2.py3-none-any.whl#sha256=7ce71b6880181241cf7ac8697a2f1eb6a8bd9b429f7ad6d27b8db9ba5f1c2d25
# pip flatbuffers @ https://files.pythonhosted.org/packages/6f/12/d5c79ee252793ffe845d58a913197bfa02ae9a0b5c9bc3dc4b58d477b9e7/flatbuffers-23.5.26-py2.py3-none-any.whl#sha256=c0ff356da363087b915fde4b8b45bdda73432fc17cddb3c8157472eab1422ad1
# pip fsspec @ https://files.pythonhosted.org/packages/e3/bd/4c0a4619494188a9db5d77e2100ab7d544a42e76b2447869d8e124e981d8/fsspec-2023.6.0-py3-none-any.whl#sha256=1cbad1faef3e391fba6dc005ae9b5bdcbf43005c9167ce78c915549c352c869a
# pip greenlet @ https://files.pythonhosted.org/packages/6e/11/a1f1af20b6a1a8069bc75012569d030acb89fd7ef70f888b6af2f85accc6/greenlet-2.0.2-cp310-cp310-manylinux_2_17_x86_64.manylinux2014_x86_64.whl#sha256=d75209eed723105f9596807495d58d10b3470fa6732dd6756595e89925ce2470
# pip h11 @ https://files.pythonhosted.org/packages/95/04/ff642e65ad6b90db43e668d70ffb6736436c7ce41fcc549f4e9472234127/h11-0.14.0-py3-none-any.whl#sha256=e3fe4ac4b851c468cc8363d500db52c2ead036020723024a109d37346efaa761
# pip hiredis @ https://files.pythonhosted.org/packages/0f/e9/1fd5d787ab8082112fd57ff92c55ec7ccf2a21892e1832de06de9ce7728f/hiredis-2.2.3-cp310-cp310-manylinux_2_17_x86_64.manylinux2014_x86_64.whl#sha256=61995eb826009d99ed8590747bc0da683a5f4fbb4faa8788166bf3810845cd5c
# pip httptools @ https://files.pythonhosted.org/packages/cf/09/b17fbf88d5c285e7cd8162539ba6f95c778dcd47e44240aa14afd0982bb8/httptools-0.6.0-cp310-cp310-manylinux_2_5_x86_64.manylinux1_x86_64.manylinux_2_17_x86_64.manylinux2014_x86_64.whl#sha256=6bdc6675ec6cb79d27e0575750ac6e2b47032742e24eed011b8db73f2da9ed40
# pip humanfriendly @ https://files.pythonhosted.org/packages/f0/0f/310fb31e39e2d734ccaa2c0fb981ee41f7bd5056ce9bc29b2248bd569169/humanfriendly-10.0-py2.py3-none-any.whl#sha256=1697e1a8a8f550fd43c2865cd84542fc175a61dcb779b6fee18cf6b6ccba1477
# pip lxml @ https://files.pythonhosted.org/packages/01/ae/ce23856fb6065f254101c1df381050b13adf26088dd554a15776615d470f/lxml-4.9.3-cp310-cp310-manylinux_2_17_x86_64.manylinux2014_x86_64.manylinux_2_24_x86_64.whl#sha256=ae8b9c6deb1e634ba4f1930eb67ef6e6bf6a44b6eb5ad605642b2d6d5ed9ce3c
# pip lz4 @ https://files.pythonhosted.org/packages/a7/97/19eecde32c2caad04c6528a0a91fba86ddf0773d34f1b484c9ca187d6ac3/lz4-4.3.2-cp310-cp310-manylinux_2_17_x86_64.manylinux2014_x86_64.whl#sha256=0f5614d8229b33d4a97cb527db2a1ac81308c6e796e7bdb5d1309127289f69d5
# pip markdown @ https://files.pythonhosted.org/packages/9a/a1/1352b0e5a3c71a79fa9265726e2217f69df9fd4de0bcb5725cc61f62a5df/Markdown-3.4.3-py3-none-any.whl#sha256=065fd4df22da73a625f14890dd77eb8040edcbd68794bcd35943be14490608b2
# pip monotonic @ https://files.pythonhosted.org/packages/9a/67/7e8406a29b6c45be7af7740456f7f37025f0506ae2e05fb9009a53946860/monotonic-1.6-py2.py3-none-any.whl#sha256=68687e19a14f11f26d140dd5c86f3dba4bf5df58003000ed467e0e2a69bca96c
# pip mypy-extensions @ https://files.pythonhosted.org/packages/2a/e2/5d3f6ada4297caebe1a2add3b126fe800c96f56dbe5d1988a2cbe0b267aa/mypy_extensions-1.0.0-py3-none-any.whl#sha256=4392f6c0eb8a5668a69e23d168ffa70f0be9ccfd32b5cc2d26a34ae5b844552d
# pip olefile @ https://files.pythonhosted.org/packages/34/81/e1ac43c6b45b4c5f8d9352396a14144bba52c8fec72a80f425f6a4d653ad/olefile-0.46.zip#sha256=133b031eaf8fd2c9399b78b8bc5b8fcbe4c31e85295749bb17a87cba8f3c3964
# pip overrides @ https://files.pythonhosted.org/packages/7f/36/3fef66c2bf1f66f35538a6703aca0447114b1873913c403f0ea589721aae/overrides-7.3.1-py3-none-any.whl#sha256=6187d8710a935d09b0bcef8238301d6ee2569d2ac1ae0ec39a8c7924e27f58ca
# pip pymupdf @ https://files.pythonhosted.org/packages/73/4f/8960304e81695659d5ac1d669bc90f90a1785f2a66f9781243f139c99004/PyMuPDF-1.22.5-cp310-cp310-manylinux_2_17_x86_64.manylinux2014_x86_64.whl#sha256=e7734a32a91eea4b502b8f9d2915cdba0a372226e14fb983876d763110dcefef
# pip pypandoc @ https://files.pythonhosted.org/packages/59/ac/1380f19d6bab8772b4e40d881091039a8c592d66382bd4c865fa21373bad/pypandoc-1.11-py3-none-any.whl#sha256=b260596934e9cfc6513056110a7c8600171d414f90558bf4407e68b209be8007
# pip python-magic @ https://files.pythonhosted.org/packages/6c/73/9f872cb81fc5c3bb48f7227872c28975f998f3e7c2b1c16e95e6432bbb90/python_magic-0.4.27-py2.py3-none-any.whl#sha256=c212960ad306f700aa0d01e5d7a325d20548ff97eb9920dcd29513174f0294d3
# pip regex @ https://files.pythonhosted.org/packages/a4/06/85618f80ae552ac309ead9702c6826edda27884e26e07fdc8fa93f283546/regex-2023.6.3-cp310-cp310-manylinux_2_17_x86_64.manylinux2014_x86_64.whl#sha256=4959e8bcbfda5146477d21c3a8ad81b185cd252f3d0d6e4724a5ef11c012fb06
# pip safetensors @ https://files.pythonhosted.org/packages/9d/63/4b25608fae880cc832ca816917f9dff10e9e9e7ba91bc46d50d681fd997f/safetensors-0.3.1-cp310-cp310-manylinux_2_17_x86_64.manylinux2014_x86_64.whl#sha256=5c115951b3a865ece8d98ee43882f2fd0a999c0200d6e6fec24134715ebe3b57
# pip sentencepiece @ https://files.pythonhosted.org/packages/7f/e5/323dc813b3e1339305f888d035e2f3725084fc4dcf051995b366dd26cc90/sentencepiece-0.1.99-cp310-cp310-manylinux_2_17_x86_64.manylinux2014_x86_64.whl#sha256=019e7535108e309dae2b253a75834fc3128240aa87c00eb80732078cdc182588
# pip sniffio @ https://files.pythonhosted.org/packages/c3/a0/5dba8ed157b0136607c7f2151db695885606968d1fae123dc3391e0cfdbf/sniffio-1.3.0-py3-none-any.whl#sha256=eecefdce1e5bbfb7ad2eeaabf7c1eeb404d7757c379bd1f7e5cce9d8bf425384
# pip tokenizers @ https://files.pythonhosted.org/packages/94/60/ff26cce378023624ffcad91edaa4871f561d6ba7295185c45037ddba80e2/tokenizers-0.13.3-cp310-cp310-manylinux_2_17_x86_64.manylinux2014_x86_64.whl#sha256=a4d53976079cff8a033f778fb9adca2d9d69d009c02fa2d71a878b5f3963ed30
# pip uvloop @ https://files.pythonhosted.org/packages/20/9b/920b4b52028a84cc6031b4ce4bef1077d3475e6ce87969a0f0d220807307/uvloop-0.17.0-cp310-cp310-manylinux_2_17_x86_64.manylinux2014_x86_64.whl#sha256=ff3d00b70ce95adce264462c930fbaecb29718ba6563db354608f37e49e09024
# pip websockets @ https://files.pythonhosted.org/packages/58/0a/7570e15661a0a546c3a1152d95fe8c05480459bab36247f0acbf41f01a41/websockets-11.0.3-cp310-cp310-manylinux_2_5_x86_64.manylinux1_x86_64.manylinux_2_17_x86_64.manylinux2014_x86_64.whl#sha256=bceab846bac555aff6427d060f2fcfff71042dba6f5fca7dc4f75cac815e57ca
# pip xlrd @ https://files.pythonhosted.org/packages/a6/0c/c2a72d51fe56e08a08acc85d13013558a2d793028ae7385448a6ccdfae64/xlrd-2.0.1-py2.py3-none-any.whl#sha256=6a33ee89877bd9abc1158129f6e94be74e2679636b8a205b43b85206c3f0bbdd
# pip xlsxwriter @ https://files.pythonhosted.org/packages/37/94/25d3ec8587974de7ebd790232aa3155abfe44ed23df7ccaa4645977a1cbe/XlsxWriter-3.1.2-py3-none-any.whl#sha256=331508ff39d610ecdaf979e458840bc1eab6e6a02cfd5d08f044f0f73636236f
# pip anyio @ https://files.pythonhosted.org/packages/19/24/44299477fe7dcc9cb58d0a57d5a7588d6af2ff403fdd2d47a246c91a3246/anyio-3.7.1-py3-none-any.whl#sha256=91dee416e570e92c64041bd18b900d1d6fa78dff7048769ce5ac5ddad004fbb5
# pip clickhouse-connect @ https://files.pythonhosted.org/packages/01/df/5b4e224c0e20479cfa0a5d8907038b72a42dddcda86471daddeb2e3d7386/clickhouse_connect-0.6.6-cp310-cp310-manylinux_2_17_x86_64.manylinux2014_x86_64.whl#sha256=18900f1a13b3b120252fc3583ca1e0fc4d3a33ea98fcf63d33d168a469561056
# pip coloredlogs @ https://files.pythonhosted.org/packages/a7/06/3d6badcf13db419e25b07041d9c7b4a2c331d3f4e7134445ec5df57714cd/coloredlogs-15.0.1-py2.py3-none-any.whl#sha256=612ee75c546f53e92e70049c9dbfcc18c935a2b9a53b66085ce9ef6a6e5c0934
# pip hnswlib @ https://files.pythonhosted.org/packages/46/47/e2170991b441a4fdb80be93af6b0944f885549c456ed96d5877b85b27412/hnswlib-0.7.0.tar.gz#sha256=bc459668e7e44bb7454b256b90c98c5af750653919d9a91698dafcf416cf64c4
# pip huggingface-hub @ https://files.pythonhosted.org/packages/7f/c4/adcbe9a696c135578cabcbdd7331332daad4d49b7c43688bc2d36b3a47d2/huggingface_hub-0.16.4-py3-none-any.whl#sha256=0d3df29932f334fead024afc7cb4cc5149d955238b8b5e42dcf9740d6995a349
# pip marshmallow @ https://files.pythonhosted.org/packages/ae/53/980a20d789029329fdf1546c315f9c92bf862c7f3e7294e3667afcc464f5/marshmallow-3.19.0-py3-none-any.whl#sha256=93f0958568da045b0021ec6aeb7ac37c81bfcccbb9a0e7ed8559885070b3a19b
# pip msg-parser @ https://files.pythonhosted.org/packages/15/8b/5738b32acc6acdf92d04d5e691bf70a379e78264e55843542e1888d4a10e/msg_parser-1.2.0-py2.py3-none-any.whl#sha256=d47a2f0b2a359cb189fad83cc991b63ea781ecc70d91410324273fbf93e95375
# pip nltk @ https://files.pythonhosted.org/packages/a6/0a/0d20d2c0f16be91b9fa32a77b76c60f9baf6eba419e5ef5deca17af9c582/nltk-3.8.1-py3-none-any.whl#sha256=fd5c9109f976fa86bcadba8f91e47f5e9293bd034474752e92a520f81c93dda5
# pip numexpr @ https://files.pythonhosted.org/packages/8f/34/3c2fd908056c042704c72e41396352289ccb03d72608633874530a989009/numexpr-2.8.4-cp310-cp310-manylinux_2_17_x86_64.manylinux2014_x86_64.whl#sha256=9e34931089a6bafc77aaae21f37ad6594b98aa1085bb8b45d5b3cd038c3c17d9
# pip pdf2image @ https://files.pythonhosted.org/packages/e2/8c/37a7467d88c47e435429c147020c2fb53206fabfc44b8b72f9728e79ce1a/pdf2image-1.16.3-py3-none-any.whl#sha256=b6154164af3677211c22cbb38b2bd778b43aca02758e962fe1e231f6d3b0e380
# pip pdfminer.six @ https://files.pythonhosted.org/packages/46/68/b3fb5f073bcd3df9143a3520289c147351bfa3c1b096d44081f38fd1c247/pdfminer.six-20221105-py3-none-any.whl#sha256=1eaddd712d5b2732f8ac8486824533514f8ba12a0787b3d5fe1e686cd826532d
# pip posthog @ https://files.pythonhosted.org/packages/29/45/716eef0dc9263fdcfc93fd39eb91bd2ccae21248c30762d12c5979b3a7e2/posthog-3.0.1-py2.py3-none-any.whl#sha256=9c7f92fecc713257d4b2710d05b456569c9156fbdd3e85655ba7ba5ba6c7b3ae
# pip pulsar-client @ https://files.pythonhosted.org/packages/83/3e/2041fec1950b8ad7b8bf4b61f62a7e9709681de83d14f4723bd815043bbe/pulsar_client-3.2.0-cp310-cp310-manylinux_2_17_x86_64.manylinux2014_x86_64.whl#sha256=e3557c65463d74ec8d2864752389beb06761ab591dd134a164e0b1303c66719b
# pip pydantic @ https://files.pythonhosted.org/packages/b6/8e/7dd215f91528487535e7aa048e4092c20ecd0168df958e58809e2235cece/pydantic-1.10.11-cp310-cp310-manylinux_2_17_x86_64.manylinux2014_x86_64.whl#sha256=16928fdc9cb273c6af00d9d5045434c39afba5f42325fb990add2c241402d151
# pip python-docx @ https://files.pythonhosted.org/packages/8b/a0/52729ce4aa026f31b74cc877be1d11e4ddeaa361dc7aebec148171644b33/python-docx-0.8.11.tar.gz#sha256=1105d233a0956dd8dd1e710d20b159e2d72ac3c301041b95f4d4ceb3e0ebebc4
# pip python-pptx @ https://files.pythonhosted.org/packages/eb/c3/bd8f2316a790291ef5aa5225c740fa60e2cf754376e90cb1a44fde056830/python-pptx-0.6.21.tar.gz#sha256=7798a2aaf89563565b3c7120c0acfe9aff775db0db3580544e3bf4840c2e378f
# pip redis @ https://files.pythonhosted.org/packages/20/2e/409703d645363352a20c944f5d119bdae3eb3034051a53724a7c5fee12b8/redis-4.6.0-py3-none-any.whl#sha256=e2b03db868160ee4591de3cb90d40ebb50a90dd302138775937f6a42b7ed183c
# pip sqlalchemy @ https://files.pythonhosted.org/packages/3a/78/6bb3889e893e4605107a016e63636f278223b0526cb7927323c244ff877c/SQLAlchemy-2.0.19-cp310-cp310-manylinux_2_17_x86_64.manylinux2014_x86_64.whl#sha256=cb4e688f6784427e5f9479d1a13617f573de8f7d4aa713ba82813bcd16e259d1
# pip tiktoken @ https://files.pythonhosted.org/packages/5f/36/93115cf8bdb62284dd64c01893b208ac46e586cb6e01ad34bbe0784b90f4/tiktoken-0.4.0-cp310-cp310-manylinux_2_17_x86_64.manylinux2014_x86_64.whl#sha256=5727d852ead18b7927b8adf558a6f913a15c7766725b23dbe21d22e243041b28
# pip torchvision @ https://files.pythonhosted.org/packages/87/0f/88f023bf6176d9af0f85feedf4be129f9cf2748801c4d9c690739a10c100/torchvision-0.15.2-cp310-cp310-manylinux1_x86_64.whl#sha256=54143f7cc0797d199b98a53b7d21c3f97615762d4dd17ad45a41c7e80d880e73
# pip typing-inspect @ https://files.pythonhosted.org/packages/65/f3/107a22063bf27bdccf2024833d3445f4eea42b2e598abfbd46f6a63b6cb0/typing_inspect-0.9.0-py3-none-any.whl#sha256=9ee6fc59062311ef8547596ab6b955e1b8aa46242d854bfc78f4f6b0eff35f9f
# pip langsmith @ https://files.pythonhosted.org/packages/35/56/e0df0dfe70414ab228d5d6c88d050ac31c43c0ecf1a894d4c32c5c5cb66a/langsmith-0.0.5-py3-none-any.whl#sha256=c9ce19cf7a45d4b9ef74b3133ace4d0583bc992383296d03c05065e8f871e01f
# pip marshmallow-enum @ https://files.pythonhosted.org/packages/c6/59/ef3a3dc499be447098d4a89399beb869f813fee1b5a57d5d79dee2c1bf51/marshmallow_enum-1.5.1-py2.py3-none-any.whl#sha256=57161ab3dbfde4f57adeb12090f39592e992b9c86d206d02f6bd03ebec60f072
# pip onnxruntime @ https://files.pythonhosted.org/packages/2f/e2/ced4e64433097cb14425098ce3c6200b83d226005e8c23ba5bac44c89ab9/onnxruntime-1.15.1-cp310-cp310-manylinux_2_17_x86_64.manylinux2014_x86_64.whl#sha256=3cef43737b2cd886d5d718d100f56ec78c9c476c5db5f8f946e95024978fe754
# pip openapi-schema-pydantic @ https://files.pythonhosted.org/packages/a8/e7/22abb5a10733bf8142984201aedf27d4a58f5810ebdfe9679f9876c7bf4d/openapi_schema_pydantic-1.2.4-py3-none-any.whl#sha256=a932ecc5dcbb308950282088956e94dea069c9823c84e507d64f6b622222098c
# pip starlette @ https://files.pythonhosted.org/packages/51/37/8ac52116984d6a0d8502ec2c7e4a4a78f862b76410cdb1a4bcb384c91cb3/starlette-0.20.4-py3-none-any.whl#sha256=c0414d5a56297d37f3db96a84034d61ce29889b9eaccf65eb98a0b39441fcaa3
# pip transformers @ https://files.pythonhosted.org/packages/e2/72/1af3d38e98fdcceb3876de4567ac395a66c26976e259fe2d46266e052d61/transformers-4.30.0-py3-none-any.whl#sha256=e90e9fc05310985f3ede2da278d11c91656b4a354b4935c54604f57409299aae
# pip unstructured @ https://files.pythonhosted.org/packages/a3/5a/bd99d64c254e6d500618946acb78ec1809708cc31760c0465636548de0a1/unstructured-0.8.1-py3-none-any.whl#sha256=5ffda1115d85e59df39f951b549f3256432be7ffc618c79ba9ae2faaf6f5df4d
# pip watchfiles @ https://files.pythonhosted.org/packages/f2/40/cd125248cd1bb1fd449d2439d9a1b599c9f6dc255645838ce0be96b28337/watchfiles-0.19.0-cp37-abi3-manylinux_2_17_x86_64.manylinux2014_x86_64.whl#sha256=cb5d45c4143c1dd60f98a16187fd123eda7248f84ef22244818c18d531a249d1
# pip dataclasses-json @ https://files.pythonhosted.org/packages/eb/04/2851f9fe4b01b5b752c16e41d581f6b9d0ca82e388d7bd58357d758fc6ce/dataclasses_json-0.5.9-py3-none-any.whl#sha256=1280542631df1c375b7bc92e5b86d39e06c44760d7e3571a537b3b8acabf2f0c
# pip fastapi @ https://files.pythonhosted.org/packages/bf/54/6eb1882b5cb29e6647df92ee74d0a93dab149234ec914563cab955fa667f/fastapi-0.85.1-py3-none-any.whl#sha256=de3166b6b1163dc22da4dc4ebdc3192fcbac7700dd1870a1afa44de636a636b5
# pip sentence-transformers @ https://files.pythonhosted.org/packages/20/9c/f07bd70d128fdb107bc02a0c702b9058b4fe147d0ba67b5a0f4c3cf15a54/sentence-transformers-2.2.2.tar.gz#sha256=dbc60163b27de21076c9a30d24b5b7b6fa05141d68cf2553fa9a77bf79a29136
# pip uvicorn @ https://files.pythonhosted.org/packages/69/53/0230c9d254130fb16481ecb0c037b9ca7a6b25035d397b6f8126e6fbd1ad/uvicorn-0.23.0-py3-none-any.whl#sha256=479599b2c0bb1b9b394c6d43901a1eb0c1ec72c7d237b5bafea23c5b2d4cdf10
# pip chromadb @ https://files.pythonhosted.org/packages/96/54/395ba9b49c4cd8c1d9e52e5d7bc737478200d7ebd11a6346c15c8a01224e/chromadb-0.3.29-py3-none-any.whl#sha256=d681a3e4f3284715dd146774be84cad3d2f8c529bd004ba249e1d3deb70ac68e
# pip langchain @ https://files.pythonhosted.org/packages/57/45/b18e433b742e4efc092e74bd6d7f1be9165b9c72cb85c737aa896f4c2f38/langchain-0.0.234-py3-none-any.whl#sha256=a287f0b944fb1b48cc107cedb8c1ad052e0559327c7658ae20e6ce2e8e851122
